lockfileVersion: '9.0'

settings:
  autoInstallPeers: true
  excludeLinksFromLockfile: false

importers:

  .:
    dependencies:
      gsap:
        specifier: ^3.13.0
        version: 3.13.0
      keen-slider:
        specifier: ^6.8.6
        version: 6.8.6
    devDependencies:
      '@bufbuild/buf':
        specifier: ^1.57.2
        version: 1.57.2
      ts-protoc-gen:
        specifier: ^0.15.0
        version: 0.15.0

packages:

  '@bufbuild/buf-darwin-arm64@1.57.2':
    resolution: {integrity: sha512-ybwjZ8hFpDiSfTY8ltuNulh6e4CYcojZX+joo/VocFb4InRFyF08S+JSO+1ld+nTmJ24ziGwXZTg8qXiiN6qog==}
    engines: {node: '>=12'}
    cpu: [arm64]
    os: [darwin]

  '@bufbuild/buf-darwin-x64@1.57.2':
    resolution: {integrity: sha512-uoNjkkyjmJlzQyfPI/mwlutDvu48gFg8pYzlK0RhNshvTWCDo2vXbw1gZSaQnv1xK585N9Axmyjp0K2sYJkaDQ==}
    engines: {node: '>=12'}
    cpu: [x64]
    os: [darwin]

  '@bufbuild/buf-linux-aarch64@1.57.2':
    resolution: {integrity: sha512-JvB9M+GraP7tgYlyKUhF46+pw/hctFyAjcLvPCPxr8Lr9uo3I6uqU8KywE4AuzdFReaZ4wtdF6sUlsfDOo8Geg==}
    engines: {node: '>=12'}
    cpu: [arm64]
    os: [linux]

  '@bufbuild/buf-linux-armv7@1.57.2':
    resolution: {integrity: sha512-13ZBU/LTboW7B/qjMV6fY6z8q0uyfSpp+y2J+/PAzCrC64ewSTE30pMKFQujMQ05Po0kY5e9yWvTElJcLbzt5w==}
    engines: {node: '>=12'}
    cpu: [arm]
    os: [linux]

  '@bufbuild/buf-linux-x64@1.57.2':
    resolution: {integrity: sha512-R28Y6g0kGlM/agtVc8sAjzGhgtbA4JyJYg4w7ZPm/FaVEw2sAYZBsa5uxmMNNOmWopKfd0yr2Pgq8ndfG0QSug==}
    engines: {node: '>=12'}
    cpu: [x64]
    os: [linux]

  '@bufbuild/buf-win32-arm64@1.57.2':
    resolution: {integrity: sha512-6YlPr2Z0VLae/76raYDEcotN7YGNgn3qaNy7x5idAoNeAr0EK2WsKtlBypK0/fQO3GOrYo0HGM/0SFENXoQKbw==}
    engines: {node: '>=12'}
    cpu: [arm64]
    os: [win32]

  '@bufbuild/buf-win32-x64@1.57.2':
    resolution: {integrity: sha512-7YKz2RVPQlL+rJYzNL7JK3LpvZUz7wY6hof3QOTNX3sHY6pRD+mtWt/PITTlC3PtyjSKy17wAhbkokC0JErsHw==}
    engines: {node: '>=12'}
    cpu: [x64]
    os: [win32]

  '@bufbuild/buf@1.57.2':
    resolution: {integrity: sha512-N51MOnjROdtBX3fPU2KGdmwfiT1WWXzs8Jw1tMMkyVAmCSahWbObGIPq7e1fw7lR5i0s3bTxQyk3KRmb2/uwNg==}
    engines: {node: '>=12'}
    hasBin: true

  google-protobuf@3.21.4:
    resolution: {integrity: sha512-MnG7N936zcKTco4Jd2PX2U96Kf9PxygAPKBug+74LHzmHXmceN16MmRcdgZv+DGef/S9YvQAfRsNCn4cjf9yyQ==}

  gsap@3.13.0:
    resolution: {integrity: sha512-QL7MJ2WMjm1PHWsoFrAQH/J8wUeqZvMtHO58qdekHpCfhvhSL4gSiz6vJf5EeMP0LOn3ZCprL2ki/gjED8ghVw==}

  keen-slider@6.8.6:
    resolution: {integrity: sha512-dcEQ7GDBpCjUQA8XZeWh3oBBLLmyn8aoeIQFGL/NTVkoEOsmlnXqA4QykUm/SncolAZYGsEk/PfUhLZ7mwMM2w==}

  ts-protoc-gen@0.15.0:
    resolution: {integrity: sha512-TycnzEyrdVDlATJ3bWFTtra3SCiEP0W0vySXReAuEygXCUr1j2uaVyL0DhzjwuUdQoW5oXPwk6oZWeA0955V+g==}
    hasBin: true

snapshots:

  '@bufbuild/buf-darwin-arm64@1.57.2':
    optional: true

  '@bufbuild/buf-darwin-x64@1.57.2':
    optional: true

  '@bufbuild/buf-linux-aarch64@1.57.2':
    optional: true

  '@bufbuild/buf-linux-armv7@1.57.2':
    optional: true

  '@bufbuild/buf-linux-x64@1.57.2':
    optional: true

  '@bufbuild/buf-win32-arm64@1.57.2':
    optional: true

  '@bufbuild/buf-win32-x64@1.57.2':
    optional: true

  '@bufbuild/buf@1.57.2':
    optionalDependencies:
      '@bufbuild/buf-darwin-arm64': 1.57.2
      '@bufbuild/buf-darwin-x64': 1.57.2
      '@bufbuild/buf-linux-aarch64': 1.57.2
      '@bufbuild/buf-linux-armv7': 1.57.2
      '@bufbuild/buf-linux-x64': 1.57.2
      '@bufbuild/buf-win32-arm64': 1.57.2
      '@bufbuild/buf-win32-x64': 1.57.2

  google-protobuf@3.21.4: {}

  gsap@3.13.0: {}

  keen-slider@6.8.6: {}

  ts-protoc-gen@0.15.0:
    dependencies:
      google-protobuf: 3.21.4
